
Microsoft Visual Studio Solution File, Format Version 12.00
# Visual Studio 15
VisualStudioVersion = 15.0.28010.2003
MinimumVisualStudioVersion = 10.0.40219.1
Project("{FAE04EC0-301F-11D3-BF4B-00C04F79EFBC}") = "BadBoy", "BadBoy\BadBoy.csproj", "{A2284464-71D1-459C-9602-B37726C86135}"
EndProject
Project("{FAE04EC0-301F-11D3-BF4B-00C04F79EFBC}") = "TestApplication", "TestApplication\TestApplication.csproj", "{9C24E4D4-5052-4CE9-A472-D7837377F5BD}"
EndProject
Global
	GlobalSection(SolutionConfigurationPlatforms) = preSolution
		Debug|Any CPU = Debug|Any CPU
		Release|Any CPU = Release|Any CPU
	EndGlobalSection
	GlobalSection(ProjectConfigurationPlatforms) = postSolution
		{A2284464-71D1-459C-9602-B37726C86135}.Debug|Any CPU.ActiveCfg = Debug|Any CPU
		{A2284464-71D1-459C-9602-B37726C86135}.Debug|Any CPU.Build.0 = Debug|Any CPU
		{A2284464-71D1-459C-9602-B37726C86135}.Release|Any CPU.ActiveCfg = Release|Any CPU
		{A2284464-71D1-459C-9602-B37726C86135}.Release|Any CPU.Build.0 = Release|Any CPU
		{9C24E4D4-5052-4CE9-A472-D7837377F5BD}.Debug|Any CPU.ActiveCfg = Debug|Any CPU
		{9C24E4D4-5052-4CE9-A472-D7837377F5BD}.Debug|Any CPU.Build.0 = Debug|Any CPU
		{9C24E4D4-5052-4CE9-A472-D7837377F5BD}.Release|Any CPU.ActiveCfg = Release|Any CPU
		{9C24E4D4-5052-4CE9-A472-D7837377F5BD}.Release|Any CPU.Build.0 = Release|Any CPU
	EndGlobalSection
	GlobalSection(SolutionProperties) = preSolution
		HideSolutionNode = FALSE
	EndGlobalSection
	GlobalSection(ExtensibilityGlobals) = postSolution
		SolutionGuid = {486095FE-6263-4529-912D-8D04EBB3DDEF}
	EndGlobalSection
EndGlobal
